Microsoft Visual Studio Solution File, Format Version 12.00
# Visual Studio Version 17
VisualStudioVersion = 17.5.2.0
MinimumVisualStudioVersion = 10.0.40219.1
Project("{FAE04EC0-301F-11D3-BF4B-00C04F79EFBC}") = "Lab1", "Lab1\Lab1.csproj", "{4C38379F-6B46-EF58-4F1F-EC66EF1F7497}"
EndProject
Project("{FAE04EC0-301F-11D3-BF4B-00C04F79EFBC}") = "Lab2", "Lab2\Lab2.csproj", "{4FF56877-7B5F-40AF-9842-46249E84E0A6}"
EndProject
Project("{FAE04EC0-301F-11D3-BF4B-00C04F79EFBC}") = "Lab3", "Lab3\Lab3.csproj", "{A28ACE40-23DF-42DA-9321-2FC0DC47BC53}"
EndProject
Project("{FAE04EC0-301F-11D3-BF4B-00C04F79EFBC}") = "Lab4", "Lab4\Lab4.csproj", "{78CF9F6B-E9A5-4760-94C7-517E657DD48E}"
EndProject
Global
	GlobalSection(SolutionConfigurationPlatforms) = preSolution
		Debug|Any CPU = Debug|Any CPU
		Release|Any CPU = Release|Any CPU
	EndGlobalSection
	GlobalSection(ProjectConfigurationPlatforms) = postSolution
		{4C38379F-6B46-EF58-4F1F-EC66EF1F7497}.Debug|Any CPU.ActiveCfg = Debug|Any CPU
		{4C38379F-6B46-EF58-4F1F-EC66EF1F7497}.Debug|Any CPU.Build.0 = Debug|Any CPU
		{4C38379F-6B46-EF58-4F1F-EC66EF1F7497}.Release|Any CPU.ActiveCfg = Release|Any CPU
		{4C38379F-6B46-EF58-4F1F-EC66EF1F7497}.Release|Any CPU.Build.0 = Release|Any CPU
		{4FF56877-7B5F-40AF-9842-46249E84E0A6}.Debug|Any CPU.ActiveCfg = Debug|Any CPU
		{4FF56877-7B5F-40AF-9842-46249E84E0A6}.Debug|Any CPU.Build.0 = Debug|Any CPU
		{4FF56877-7B5F-40AF-9842-46249E84E0A6}.Release|Any CPU.ActiveCfg = Release|Any CPU
		{4FF56877-7B5F-40AF-9842-46249E84E0A6}.Release|Any CPU.Build.0 = Release|Any CPU
		{A28ACE40-23DF-42DA-9321-2FC0DC47BC53}.Debug|Any CPU.ActiveCfg = Debug|Any CPU
		{A28ACE40-23DF-42DA-9321-2FC0DC47BC53}.Debug|Any CPU.Build.0 = Debug|Any CPU
		{A28ACE40-23DF-42DA-9321-2FC0DC47BC53}.Release|Any CPU.ActiveCfg = Release|Any CPU
		{A28ACE40-23DF-42DA-9321-2FC0DC47BC53}.Release|Any CPU.Build.0 = Release|Any CPU
		{78CF9F6B-E9A5-4760-94C7-517E657DD48E}.Debug|Any CPU.ActiveCfg = Debug|Any CPU
		{78CF9F6B-E9A5-4760-94C7-517E657DD48E}.Debug|Any CPU.Build.0 = Debug|Any CPU
		{78CF9F6B-E9A5-4760-94C7-517E657DD48E}.Release|Any CPU.ActiveCfg = Release|Any CPU
		{78CF9F6B-E9A5-4760-94C7-517E657DD48E}.Release|Any CPU.Build.0 = Release|Any CPU
	EndGlobalSection
	GlobalSection(SolutionProperties) = preSolution
		HideSolutionNode = FALSE
	EndGlobalSection
	GlobalSection(ExtensibilityGlobals) = postSolution
		SolutionGuid = {66FF88D7-0634-4CEB-A3FC-6CC3D7E0200C}
	EndGlobalSection
EndGlobal
